// !$*UTF8*$!
{
	archiveVersion = 1;
	classes = {
	};
	objectVersion = 56;
	objects = {

/* Begin PBXBuildFile section */
		8C51EF3829901C1200B3B6D8 /* SwiftUI_ActualCleanSwiftApp.swift in Sources */ = {isa = PBXBuildFile; fileRef = 8C51EF3729901C1200B3B6D8 /* SwiftUI_ActualCleanSwiftApp.swift */; };
		8C51EF3C29901C1200B3B6D8 /* Assets.xcassets in Resources */ = {isa = PBXBuildFile; fileRef = 8C51EF3B29901C1200B3B6D8 /* Assets.xcassets */; };
		8C51EF4029901C1200B3B6D8 /* Preview Assets.xcassets in Resources */ = {isa = PBXBuildFile; fileRef = 8C51EF3F29901C1200B3B6D8 /* Preview Assets.xcassets */; };
		8C51EF5329901D3E00B3B6D8 /* EmployeeDataStore.swift in Sources */ = {isa = PBXBuildFile; fileRef = 8C51EF5129901D3E00B3B6D8 /* EmployeeDataStore.swift */; };
		8C51EF5429901D3E00B3B6D8 /* Employee.swift in Sources */ = {isa = PBXBuildFile; fileRef = 8C51EF5229901D3E00B3B6D8 /* Employee.swift */; };
		8C51EF5C29901D4B00B3B6D8 /* CreateMainConfigurator.swift in Sources */ = {isa = PBXBuildFile; fileRef = 8C51EF5729901D4B00B3B6D8 /* CreateMainConfigurator.swift */; };
		8C51EF5D29901D4B00B3B6D8 /* MainInteractor.swift in Sources */ = {isa = PBXBuildFile; fileRef = 8C51EF5829901D4B00B3B6D8 /* MainInteractor.swift */; };
		8C51EF5E29901D4B00B3B6D8 /* MainPresenter.swift in Sources */ = {isa = PBXBuildFile; fileRef = 8C51EF5929901D4B00B3B6D8 /* MainPresenter.swift */; };
		8C51EF5F29901D4B00B3B6D8 /* MainModels.swift in Sources */ = {isa = PBXBuildFile; fileRef = 8C51EF5A29901D4B00B3B6D8 /* MainModels.swift */; };
		8C51EF6029901D4B00B3B6D8 /* MainView.swift in Sources */ = {isa = PBXBuildFile; fileRef = 8C51EF5B29901D4B00B3B6D8 /* MainView.swift */; };
		8C51EF6629901D6600B3B6D8 /* CoreDataStack.swift in Sources */ = {isa = PBXBuildFile; fileRef = 8C51EF6229901D6600B3B6D8 /* CoreDataStack.swift */; };
		8C51EF6729901D6600B3B6D8 /* DataStore.xcdatamodeld in Sources */ = {isa = PBXBuildFile; fileRef = 8C51EF6329901D6600B3B6D8 /* DataStore.xcdatamodeld */; };
		8C51EF6829901D6600B3B6D8 /* EmployeeService.swift in Sources */ = {isa = PBXBuildFile; fileRef = 8C51EF6529901D6600B3B6D8 /* EmployeeService.swift */; };
/* End PBXBuildFile section */

/* Begin PBXFileReference section */
		8C29FC67299028C8003177BE /* SwiftUI-ActualCleanSwift-Info.plist */ = {isa = PBXFileReference; lastKnownFileType = text.plist; path = "SwiftUI-ActualCleanSwift-Info.plist"; sourceTree = SOURCE_ROOT; };
		8C51EF3429901C1200B3B6D8 /* SwiftUI+ActualCleanSwift.app */ = {isa = PBXFileReference; explicitFileType = wrapper.application; includeInIndex = 0; path = "SwiftUI+ActualCleanSwift.app"; sourceTree = BUILT_PRODUCTS_DIR; };
		8C51EF3729901C1200B3B6D8 /* SwiftUI_ActualCleanSwiftApp.swift */ = {isa = PBXFileReference; lastKnownFileType = sourcecode.swift; path = SwiftUI_ActualCleanSwiftApp.swift; sourceTree = "<group>"; };
		8C51EF3B29901C1200B3B6D8 /* Assets.xcassets */ = {isa = PBXFileReference; lastKnownFileType = folder.assetcatalog; path = Assets.xcassets; sourceTree = "<group>"; };
		8C51EF3D29901C1200B3B6D8 /* SwiftUI_ActualCleanSwift.entitlements */ = {isa = PBXFileReference; lastKnownFileType = text.plist.entitlements; path = SwiftUI_ActualCleanSwift.entitlements; sourceTree = "<group>"; };
		8C51EF3F29901C1200B3B6D8 /* Preview Assets.xcassets */ = {isa = PBXFileReference; lastKnownFileType = folder.assetcatalog; path = "Preview Assets.xcassets"; sourceTree = "<group>"; };
		8C51EF5129901D3E00B3B6D8 /* EmployeeDataStore.swift */ = {isa = PBXFileReference; fileEncoding = 4; lastKnownFileType = sourcecode.swift; path = EmployeeDataStore.swift; sourceTree = "<group>"; };
		8C51EF5229901D3E00B3B6D8 /* Employee.swift */ = {isa = PBXFileReference; fileEncoding = 4; lastKnownFileType = sourcecode.swift; path = Employee.swift; sourceTree = "<group>"; };
		8C51EF5729901D4B00B3B6D8 /* CreateMainConfigurator.swift */ = {isa = PBXFileReference; fileEncoding = 4; lastKnownFileType = sourcecode.swift; path = CreateMainConfigurator.swift; sourceTree = "<group>"; };
		8C51EF5829901D4B00B3B6D8 /* MainInteractor.swift */ = {isa = PBXFileReference; fileEncoding = 4; lastKnownFileType = sourcecode.swift; path = MainInteractor.swift; sourceTree = "<group>"; };
		8C51EF5929901D4B00B3B6D8 /* MainPresenter.swift */ = {isa = PBXFileReference; fileEncoding = 4; lastKnownFileType = sourcecode.swift; path = MainPresenter.swift; sourceTree = "<group>"; };
		8C51EF5A29901D4B00B3B6D8 /* MainModels.swift */ = {isa = PBXFileReference; fileEncoding = 4; lastKnownFileType = sourcecode.swift; path = MainModels.swift; sourceTree = "<group>"; };
		8C51EF5B29901D4B00B3B6D8 /* MainView.swift */ = {isa = PBXFileReference; fileEncoding = 4; lastKnownFileType = sourcecode.swift; path = MainView.swift; sourceTree = "<group>"; };
		8C51EF6229901D6600B3B6D8 /* CoreDataStack.swift */ = {isa = PBXFileReference; fileEncoding = 4; lastKnownFileType = sourcecode.swift; path = CoreDataStack.swift; sourceTree = "<group>"; };
		8C51EF6429901D6600B3B6D8 /* DataStore.xcdatamodel */ = {isa = PBXFileReference; lastKnownFileType = wrapper.xcdatamodel; path = DataStore.xcdatamodel; sourceTree = "<group>"; };
		8C51EF6529901D6600B3B6D8 /* EmployeeService.swift */ = {isa = PBXFileReference; fileEncoding = 4; lastKnownFileType = sourcecode.swift; path = EmployeeService.swift; sourceTree = "<group>"; };
/* End PBXFileReference section */

/* Begin PBXFrameworksBuildPhase section */
		8C51EF3129901C1200B3B6D8 /* Frameworks */ = {
			isa = PBXFrameworksBuildPhase;
			buildActionMask = 2147483647;
			files = (
			);
			runOnlyForDeploymentPostprocessing = 0;
		};
/* End PBXFrameworksBuildPhase section */

/* Begin PBXGroup section */
		8C51EF2B29901C1200B3B6D8 = {
			isa = PBXGroup;
			children = (
				8C51EF3629901C1200B3B6D8 /* SwiftUI+ActualCleanSwift */,
				8C51EF3529901C1200B3B6D8 /* Products */,
			);
			sourceTree = "<group>";
		};
		8C51EF3529901C1200B3B6D8 /* Products */ = {
			isa = PBXGroup;
			children = (
				8C51EF3429901C1200B3B6D8 /* SwiftUI+ActualCleanSwift.app */,
			);
			name = Products;
			sourceTree = "<group>";
		};
		8C51EF3629901C1200B3B6D8 /* SwiftUI+ActualCleanSwift */ = {
			isa = PBXGroup;
			children = (
				8C29FC67299028C8003177BE /* SwiftUI-ActualCleanSwift-Info.plist */,
				8C51EF6129901D6600B3B6D8 /* CoreDataStack */,
				8C51EF4E29901D0F00B3B6D8 /* Domain */,
				8C51EF3729901C1200B3B6D8 /* SwiftUI_ActualCleanSwiftApp.swift */,
				8C51EF3B29901C1200B3B6D8 /* Assets.xcassets */,
				8C51EF3D29901C1200B3B6D8 /* SwiftUI_ActualCleanSwift.entitlements */,
				8C51EF3E29901C1200B3B6D8 /* Preview Content */,
			);
			path = "SwiftUI+ActualCleanSwift";
			sourceTree = "<group>";
		};
		8C51EF3E29901C1200B3B6D8 /* Preview Content */ = {
			isa = PBXGroup;
			children = (
				8C51EF3F29901C1200B3B6D8 /* Preview Assets.xcassets */,
			);
			path = "Preview Content";
			sourceTree = "<group>";
		};
		8C51EF4E29901D0F00B3B6D8 /* Domain */ = {
			isa = PBXGroup;
			children = (
				8C51EF5529901D4B00B3B6D8 /* Scenes */,
				8C51EF4F29901D2400B3B6D8 /* Employees */,
			);
			path = Domain;
			sourceTree = "<group>";
		};
		8C51EF4F29901D2400B3B6D8 /* Employees */ = {
			isa = PBXGroup;
			children = (
				8C51EF5029901D3200B3B6D8 /* Model */,
			);
			path = Employees;
			sourceTree = "<group>";
		};
		8C51EF5029901D3200B3B6D8 /* Model */ = {
			isa = PBXGroup;
			children = (
				8C51EF5229901D3E00B3B6D8 /* Employee.swift */,
				8C51EF5129901D3E00B3B6D8 /* EmployeeDataStore.swift */,
			);
			path = Model;
			sourceTree = "<group>";
		};
		8C51EF5529901D4B00B3B6D8 /* Scenes */ = {
			isa = PBXGroup;
			children = (
				8C51EF5629901D4B00B3B6D8 /* Main */,
			);
			path = Scenes;
			sourceTree = "<group>";
		};
		8C51EF5629901D4B00B3B6D8 /* Main */ = {
			isa = PBXGroup;
			children = (
				8C51EF5729901D4B00B3B6D8 /* CreateMainConfigurator.swift */,
				8C51EF5829901D4B00B3B6D8 /* MainInteractor.swift */,
				8C51EF5929901D4B00B3B6D8 /* MainPresenter.swift */,
				8C51EF5A29901D4B00B3B6D8 /* MainModels.swift */,
				8C51EF5B29901D4B00B3B6D8 /* MainView.swift */,
			);
			path = Main;
			sourceTree = "<group>";
		};
		8C51EF6129901D6600B3B6D8 /* CoreDataStack */ = {
			isa = PBXGroup;
			children = (
				8C51EF6229901D6600B3B6D8 /* CoreDataStack.swift */,
				8C51EF6329901D6600B3B6D8 /* DataStore.xcdatamodeld */,
				8C51EF6529901D6600B3B6D8 /* EmployeeService.swift */,
			);
			path = CoreDataStack;
			sourceTree = "<group>";
		};
/* End PBXGroup section */

/* Begin PBXNativeTarget section */
		8C51EF3329901C1200B3B6D8 /* SwiftUI+ActualCleanSwift */ = {
			isa = PBXNativeTarget;
			buildConfigurationList = 8C51EF4329901C1200B3B6D8 /* Build configuration list for PBXNativeTarget "SwiftUI+ActualCleanSwift" */;
			buildPhases = (
				8C51EF3029901C1200B3B6D8 /* Sources */,
				8C51EF3129901C1200B3B6D8 /* Frameworks */,
				8C51EF3229901C1200B3B6D8 /* Resources */,
			);
			buildRules = (
			);
			dependencies = (
			);
			name = "SwiftUI+ActualCleanSwift";
			productName = "SwiftUI+ActualCleanSwift";
			productReference = 8C51EF3429901C1200B3B6D8 /* SwiftUI+ActualCleanSwift.app */;
			productType = "com.apple.product-type.application";
		};
/* End PBXNativeTarget section */

/* Begin PBXProject section */
		8C51EF2C29901C1200B3B6D8 /* Project object */ = {
			isa = PBXProject;
			attributes = {
				BuildIndependentTargetsInParallel = 1;
				LastSwiftUpdateCheck = 1420;
				LastUpgradeCheck = 1420;
				TargetAttributes = {
					8C51EF3329901C1200B3B6D8 = {
						CreatedOnToolsVersion = 14.2;
					};
				};
			};
			buildConfigurationList = 8C51EF2F29901C1200B3B6D8 /* Build configuration list for PBXProject "SwiftUI+ActualCleanSwift" */;
			compatibilityVersion = "Xcode 14.0";
			developmentRegion = en;
			hasScannedForEncodings = 0;
			knownRegions = (
				en,
				Base,
			);
			mainGroup = 8C51EF2B29901C1200B3B6D8;
			productRefGroup = 8C51EF3529901C1200B3B6D8 /* Products */;
			projectDirPath = "";
			projectRoot = "";
			targets = (
				8C51EF3329901C1200B3B6D8 /* SwiftUI+ActualCleanSwift */,
			);
		};
/* End PBXProject section */

/* Begin PBXResourcesBuildPhase section */
		8C51EF3229901C1200B3B6D8 /* Resources */ = {
			isa = PBXResourcesBuildPhase;
			buildActionMask = 2147483647;
			files = (
				8C51EF4029901C1200B3B6D8 /* Preview Assets.xcassets in Resources */,
				8C51EF3C29901C1200B3B6D8 /* Assets.xcassets in Resources */,
			);
			runOnlyForDeploymentPostprocessing = 0;
		};
/* End PBXResourcesBuildPhase section */

/* Begin PBXSourcesBuildPhase section */
		8C51EF3029901C1200B3B6D8 /* Sources */ = {
			isa = PBXSourcesBuildPhase;
			buildActionMask = 2147483647;
			files = (
				8C51EF3829901C1200B3B6D8 /* SwiftUI_ActualCleanSwiftApp.swift in Sources */,
				8C51EF6029901D4B00B3B6D8 /* MainView.swift in Sources */,
				8C51EF6829901D6600B3B6D8 /* EmployeeService.swift in Sources */,
				8C51EF5E29901D4B00B3B6D8 /* MainPresenter.swift in Sources */,
				8C51EF6629901D6600B3B6D8 /* CoreDataStack.swift in Sources */,
				8C51EF5429901D3E00B3B6D8 /* Employee.swift in Sources */,
				8C51EF5F29901D4B00B3B6D8 /* MainModels.swift in Sources */,
				8C51EF5329901D3E00B3B6D8 /* EmployeeDataStore.swift in Sources */,
				8C51EF6729901D6600B3B6D8 /* DataStore.xcdatamodeld in Sources */,
				8C51EF5D29901D4B00B3B6D8 /* MainInteractor.swift in Sources */,
				8C51EF5C29901D4B00B3B6D8 /* CreateMainConfigurator.swift in Sources */,
			);
			runOnlyForDeploymentPostprocessing = 0;
		};
/* End PBXSourcesBuildPhase section */

/* Begin XCBuildConfiguration section */
		8C51EF4129901C1200B3B6D8 /* Debug */ = {
			isa = XCBuildConfiguration;
			buildSettings = {
				ALWAYS_SEARCH_USER_PATHS = NO;
				CLANG_ANALYZER_NONNULL = YES;
				CLANG_ANALYZER_NUMBER_OBJECT_CONVERSION = YES_AGGRESSIVE;
				CLANG_CXX_LANGUAGE_STANDARD = "gnu++20";
				CLANG_ENABLE_MODULES = YES;
				CLANG_ENABLE_OBJC_ARC = YES;
				CLANG_ENABLE_OBJC_WEAK = YES;
				CLANG_WARN_BLOCK_CAPTURE_AUTORELEASING = YES;
				CLANG_WARN_BOOL_CONVERSION = YES;
				CLANG_WARN_COMMA = YES;
				CLANG_WARN_CONSTANT_CONVERSION = YES;
				CLANG_WARN_DEPRECATED_OBJC_IMPLEMENTATIONS = YES;
				CLANG_WARN_DIRECT_OBJC_ISA_USAGE = YES_ERROR;
				CLANG_WARN_DOCUMENTATION_COMMENTS = YES;
				CLANG_WARN_EMPTY_BODY = YES;
				CLANG_WARN_ENUM_CONVERSION = YES;
				CLANG_WARN_INFINITE_RECURSION = YES;
				CLANG_WARN_INT_CONVERSION = YES;
				CLANG_WARN_NON_LITERAL_NULL_CONVERSION = YES;
				CLANG_WARN_OBJC_IMPLICIT_RETAIN_SELF = YES;
				CLANG_WARN_OBJC_LITERAL_CONVERSION = YES;
				CLANG_WARN_OBJC_ROOT_CLASS = YES_ERROR;
				CLANG_WARN_QUOTED_INCLUDE_IN_FRAMEWORK_HEADER = YES;
				CLANG_WARN_RANGE_LOOP_ANALYSIS = YES;
				CLANG_WARN_STRICT_PROTOTYPES = YES;
				CLANG_WARN_SUSPICIOUS_MOVE = YES;
				CLANG_WARN_UNGUARDED_AVAILABILITY = YES_AGGRESSIVE;
				CLANG_WARN_UNREACHABLE_CODE = YES;
				CLANG_WARN__DUPLICATE_METHOD_MATCH = YES;
				COPY_PHASE_STRIP = NO;
				DEBUG_INFORMATION_FORMAT = dwarf;
				ENABLE_STRICT_OBJC_MSGSEND = YES;
				ENABLE_TESTABILITY = YES;
				GCC_C_LANGUAGE_STANDARD = gnu11;
				GCC_DYNAMIC_NO_PIC = NO;
				GCC_NO_COMMON_BLOCKS = YES;
				GCC_OPTIMIZATION_LEVEL = 0;
				GCC_PREPROCESSOR_DEFINITIONS = (
					"DEBUG=1",
					"$(inherited)",
				);
				GCC_WARN_64_TO_32_BIT_CONVERSION = YES;
				GCC_WARN_ABOUT_RETURN_TYPE = YES_ERROR;
				GCC_WARN_UNDECLARED_SELECTOR = YES;
				GCC_WARN_UNINITIALIZED_AUTOS = YES_AGGRESSIVE;
				GCC_WARN_UNUSED_FUNCTION = YES;
				GCC_WARN_UNUSED_VARIABLE = YES;
				MTL_ENABLE_DEBUG_INFO = INCLUDE_SOURCE;
				MTL_FAST_MATH = YES;
				ONLY_ACTIVE_ARCH = YES;
				SWIFT_ACTIVE_COMPILATION_CONDITIONS = DEBUG;
				SWIFT_OPTIMIZATION_LEVEL = "-Onone";
			};
			name = Debug;
		};
		8C51EF4229901C1200B3B6D8 /* Release */ = {
			isa = XCBuildConfiguration;
			buildSettings = {
				ALWAYS_SEARCH_USER_PATHS = NO;
				CLANG_ANALYZER_NONNULL = YES;
				CLANG_ANALYZER_NUMBER_OBJECT_CONVERSION = YES_AGGRESSIVE;
				CLANG_CXX_LANGUAGE_STANDARD = "gnu++20";
				CLANG_ENABLE_MODULES = YES;
				CLANG_ENABLE_OBJC_ARC = YES;
				CLANG_ENABLE_OBJC_WEAK = YES;
				CLANG_WARN_BLOCK_CAPTURE_AUTORELEASING = YES;
				CLANG_WARN_BOOL_CONVERSION = YES;
				CLANG_WARN_COMMA = YES;
				CLANG_WARN_CONSTANT_CONVERSION = YES;
				CLANG_WARN_DEPRECATED_OBJC_IMPLEMENTATIONS = YES;
				CLANG_WARN_DIRECT_OBJC_ISA_USAGE = YES_ERROR;
				CLANG_WARN_DOCUMENTATION_COMMENTS = YES;
				CLANG_WARN_EMPTY_BODY = YES;
				CLANG_WARN_ENUM_CONVERSION = YES;
				CLANG_WARN_INFINITE_RECURSION = YES;
				CLANG_WARN_INT_CONVERSION = YES;
				CLANG_WARN_NON_LITERAL_NULL_CONVERSION = YES;
				CLANG_WARN_OBJC_IMPLICIT_RETAIN_SELF = YES;
				CLANG_WARN_OBJC_LITERAL_CONVERSION = YES;
				CLANG_WARN_OBJC_ROOT_CLASS = YES_ERROR;
				CLANG_WARN_QUOTED_INCLUDE_IN_FRAMEWORK_HEADER = YES;
				CLANG_WARN_RANGE_LOOP_ANALYSIS = YES;
				CLANG_WARN_STRICT_PROTOTYPES = YES;
				CLANG_WARN_SUSPICIOUS_MOVE = YES;
				CLANG_WARN_UNGUARDED_AVAILABILITY = YES_AGGRESSIVE;
				CLANG_WARN_UNREACHABLE_CODE = YES;
				CLANG_WARN__DUPLICATE_METHOD_MATCH = YES;
				COPY_PHASE_STRIP = NO;
				DEBUG_INFORMATION_FORMAT = "dwarf-with-dsym";
				ENABLE_NS_ASSERTIONS = NO;
				ENABLE_STRICT_OBJC_MSGSEND = YES;
				GCC_C_LANGUAGE_STANDARD = gnu11;
				GCC_NO_COMMON_BLOCKS = YES;
				GCC_WARN_64_TO_32_BIT_CONVERSION = YES;
				GCC_WARN_ABOUT_RETURN_TYPE = YES_ERROR;
				GCC_WARN_UNDECLARED_SELECTOR = YES;
				GCC_WARN_UNINITIALIZED_AUTOS = YES_AGGRESSIVE;
				GCC_WARN_UNUSED_FUNCTION = YES;
				GCC_WARN_UNUSED_VARIABLE = YES;
				MTL_ENABLE_DEBUG_INFO = NO;
				MTL_FAST_MATH = YES;
				SWIFT_COMPILATION_MODE = wholemodule;
				SWIFT_OPTIMIZATION_LEVEL = "-O";
			};
			name = Release;
		};
		8C51EF4429901C1200B3B6D8 /* Debug */ = {
			isa = XCBuildConfiguration;
			buildSettings = {
				ASSETCATALOG_COMPILER_APPICON_NAME = AppIcon;
				ASSETCATALOG_COMPILER_GLOBAL_ACCENT_COLOR_NAME = AccentColor;
				CODE_SIGN_ENTITLEMENTS = "SwiftUI+ActualCleanSwift/SwiftUI_ActualCleanSwift.entitlements";
				CODE_SIGN_STYLE = Automatic;
				CURRENT_PROJECT_VERSION = 1;
				DEVELOPMENT_ASSET_PATHS = "\"SwiftUI+ActualCleanSwift/Preview Content\"";
				ENABLE_PREVIEWS = YES;
				GENERATE_INFOPLIST_FILE = YES;
				INFOPLIST_FILE = "SwiftUI-ActualCleanSwift-Info.plist";
				"INFOPLIST_KEY_UIApplicationSceneManifest_Generation[sdk=iphoneos*]" = YES;
				"INFOPLIST_KEY_UIApplicationSceneManifest_Generation[sdk=iphonesimulator*]" = YES;
				"INFOPLIST_KEY_UIApplicationSupportsIndirectInputEvents[sdk=iphoneos*]" = YES;
				"INFOPLIST_KEY_UIApplicationSupportsIndirectInputEvents[sdk=iphonesimulator*]" = YES;
				"INFOPLIST_KEY_UILaunchScreen_Generation[sdk=iphoneos*]" = YES;
				"INFOPLIST_KEY_UILaunchScreen_Generation[sdk=iphonesimulator*]" = YES;
				"INFOPLIST_KEY_UIStatusBarStyle[sdk=iphoneos*]" = UIStatusBarStyleDefault;
				"INFOPLIST_KEY_UIStatusBarStyle[sdk=iphonesimulator*]" = UIStatusBarStyleDefault;
				INFOPLIST_KEY_UISupportedInterfaceOrientations_iPad = "UIInterfaceOrientationPortrait UIInterfaceOrientationPortraitUpsideDown UIInterfaceOrientationLandscapeLeft UIInterfaceOrientationLandscapeRight";
				INFOPLIST_KEY_UISupportedInterfaceOrientations_iPhone = "UIInterfaceOrientationPortrait UIInterfaceOrientationLandscapeLeft UIInterfaceOrientationLandscapeRight";
				IPHONEOS_DEPLOYMENT_TARGET = 16.2;
				LD_RUNPATH_SEARCH_PATHS = "@executable_path/Frameworks";
				"LD_RUNPATH_SEARCH_PATHS[sdk=macosx*]" = "@executable_path/../Frameworks";
				MACOSX_DEPLOYMENT_TARGET = 13.1;
				MARKETING_VERSION = 1.0;
				PRODUCT_BUNDLE_IDENTIFIER = "brunobrunkow.SwiftUI-ActualCleanSwift";
				PRODUCT_NAME = "$(TARGET_NAME)";
				SDKROOT = auto;
				SUPPORTED_PLATFORMS = "iphoneos iphonesimulator";
				SUPPORTS_MACCATALYST = NO;
				SUPPORTS_MAC_DESIGNED_FOR_IPHONE_IPAD = NO;
				SWIFT_EMIT_LOC_STRINGS = YES;
				SWIFT_VERSION = 5.0;
				TARGETED_DEVICE_FAMILY = "1,2";
			};
			name = Debug;
		};
		8C51EF4529901C1200B3B6D8 /* Release */ = {
			isa = XCBuildConfiguration;
			buildSettings = {
				ASSETCATALOG_COMPILER_APPICON_NAME = AppIcon;
				ASSETCATALOG_COMPILER_GLOBAL_ACCENT_COLOR_NAME = AccentColor;
				CODE_SIGN_ENTITLEMENTS = "SwiftUI+ActualCleanSwift/SwiftUI_ActualCleanSwift.entitlements";
				CODE_SIGN_STYLE = Automatic;
				CURRENT_PROJECT_VERSION = 1;
				DEVELOPMENT_ASSET_PATHS = "\"SwiftUI+ActualCleanSwift/Preview Content\"";
				ENABLE_PREVIEWS = YES;
				GENERATE_INFOPLIST_FILE = YES;
				INFOPLIST_FILE = "SwiftUI-ActualCleanSwift-Info.plist";
				"INFOPLIST_KEY_UIApplicationSceneManifest_Generation[sdk=iphoneos*]" = YES;
				"INFOPLIST_KEY_UIApplicationSceneManifest_Generation[sdk=iphonesimulator*]" = YES;
				"INFOPLIST_KEY_UIApplicationSupportsIndirectInputEvents[sdk=iphoneos*]" = YES;
				"INFOPLIST_KEY_UIApplicationSupportsIndirectInputEvents[sdk=iphonesimulator*]" = YES;
				"INFOPLIST_KEY_UILaunchScreen_Generation[sdk=iphoneos*]" = YES;
				"INFOPLIST_KEY_UILaunchScreen_Generation[sdk=iphonesimulator*]" = YES;
				"INFOPLIST_KEY_UIStatusBarStyle[sdk=iphoneos*]" = UIStatusBarStyleDefault;
				"INFOPLIST_KEY_UIStatusBarStyle[sdk=iphonesimulator*]" = UIStatusBarStyleDefault;
				INFOPLIST_KEY_UISupportedInterfaceOrientations_iPad = "UIInterfaceOrientationPortrait UIInterfaceOrientationPortraitUpsideDown UIInterfaceOrientationLandscapeLeft UIInterfaceOrientationLandscapeRight";
				INFOPLIST_KEY_UISupportedInterfaceOrientations_iPhone = "UIInterfaceOrientationPortrait UIInterfaceOrientationLandscapeLeft UIInterfaceOrientationLandscapeRight";
				IPHONEOS_DEPLOYMENT_TARGET = 16.2;
				LD_RUNPATH_SEARCH_PATHS = "@executable_path/Frameworks";
				"LD_RUNPATH_SEARCH_PATHS[sdk=macosx*]" = "@executable_path/../Frameworks";
				MACOSX_DEPLOYMENT_TARGET = 13.1;
				MARKETING_VERSION = 1.0;
				PRODUCT_BUNDLE_IDENTIFIER = "brunobrunkow.SwiftUI-ActualCleanSwift";
				PRODUCT_NAME = "$(TARGET_NAME)";
				SDKROOT = auto;
				SUPPORTED_PLATFORMS = "iphoneos iphonesimulator";
				SUPPORTS_MACCATALYST = NO;
				SUPPORTS_MAC_DESIGNED_FOR_IPHONE_IPAD = NO;
				SWIFT_EMIT_LOC_STRINGS = YES;
				SWIFT_VERSION = 5.0;
				TARGETED_DEVICE_FAMILY = "1,2";
			};
			name = Release;
		};
/* End XCBuildConfiguration section */

/* Begin XCConfigurationList section */
		8C51EF2F29901C1200B3B6D8 /* Build configuration list for PBXProject "SwiftUI+ActualCleanSwift" */ = {
			isa = XCConfigurationList;
			buildConfigurations = (
				8C51EF4129901C1200B3B6D8 /* Debug */,
				8C51EF4229901C1200B3B6D8 /* Release */,
			);
			defaultConfigurationIsVisible = 0;
			defaultConfigurationName = Release;
		};
		8C51EF4329901C1200B3B6D8 /* Build configuration list for PBXNativeTarget "SwiftUI+ActualCleanSwift" */ = {
			isa = XCConfigurationList;
			buildConfigurations = (
				8C51EF4429901C1200B3B6D8 /* Debug */,
				8C51EF4529901C1200B3B6D8 /* Release */,
			);
			defaultConfigurationIsVisible = 0;
			defaultConfigurationName = Release;
		};
/* End XCConfigurationList section */

/* Begin XCVersionGroup section */
		8C51EF6329901D6600B3B6D8 /* DataStore.xcdatamodeld */ = {
			isa = XCVersionGroup;
			children = (
				8C51EF6429901D6600B3B6D8 /* DataStore.xcdatamodel */,
			);
			currentVersion = 8C51EF6429901D6600B3B6D8 /* DataStore.xcdatamodel */;
			path = DataStore.xcdatamodeld;
			sourceTree = "<group>";
			versionGroupType = wrapper.xcdatamodel;
		};
/* End XCVersionGroup section */
	};
	rootObject = 8C51EF2C29901C1200B3B6D8 /* Project object */;
}
